{
	"name": "basic-example-js",
	"version": "1.0.0",
	"lockfileVersion": 2,
	"requires": true,
	"packages": {
		"": {
			"name": "basic-example-js",
			"version": "1.0.0",
			"license": "MIT",
			"dependencies": {
				"@botflx/dependency-injection-container": "^1.4.0"
			}
		},
		"node_modules/@botflx/dependency-injection-container": {
			"version": "1.4.0",
			"resolved": "https://registry.npmjs.org/@botflx/dependency-injection-container/-/dependency-injection-container-1.4.0.tgz",
			"integrity": "sha512-5d+u3dn4AGmsZzA/JA7KSSTpbpcZ8NSoJm6JS9lBfe4A2mPV6oHzH2HaFK4565V4QRWZoOez/buVE177YgOYLw=="
		}
	},
	"dependencies": {
		"@botflx/dependency-injection-container": {
			"version": "1.4.0",
			"resolved": "https://registry.npmjs.org/@botflx/dependency-injection-container/-/dependency-injection-container-1.4.0.tgz",
			"integrity": "sha512-5d+u3dn4AGmsZzA/JA7KSSTpbpcZ8NSoJm6JS9lBfe4A2mPV6oHzH2HaFK4565V4QRWZoOez/buVE177YgOYLw=="
		}
	}
}
